
Microsoft Visual Studio Solution File, Format Version 12.00
# Visual Studio 15
VisualStudioVersion = 15.0.27004.2005
MinimumVisualStudioVersion = 10.0.40219.1
Project("{9A19103F-16F7-4668-BE54-9A1E7A4F7556}") = "QuizTaker", "QuizTaker.csproj", "{8B370BAF-1543-40BD-AB28-52F46EB75984}"
EndProject
Project("{FAE04EC0-301F-11D3-BF4B-00C04F79EFBC}") = "QuizDataLibrary", "..\QuizDataLibrary\QuizDataLibrary.csproj", "{BD86A813-9DF3-4E32-99EB-79AD3F063C68}"
EndProject
Global
	GlobalSection(SolutionConfigurationPlatforms) = preSolution
		Debug|Any CPU = Debug|Any CPU
		Release|Any CPU = Release|Any CPU
	EndGlobalSection
	GlobalSection(ProjectConfigurationPlatforms) = postSolution
		{8B370BAF-1543-40BD-AB28-52F46EB75984}.Debug|Any CPU.ActiveCfg = Debug|Any CPU
		{8B370BAF-1543-40BD-AB28-52F46EB75984}.Debug|Any CPU.Build.0 = Debug|Any CPU
		{8B370BAF-1543-40BD-AB28-52F46EB75984}.Release|Any CPU.ActiveCfg = Release|Any CPU
		{8B370BAF-1543-40BD-AB28-52F46EB75984}.Release|Any CPU.Build.0 = Release|Any CPU
		{BD86A813-9DF3-4E32-99EB-79AD3F063C68}.Debug|Any CPU.ActiveCfg = Debug|Any CPU
		{BD86A813-9DF3-4E32-99EB-79AD3F063C68}.Debug|Any CPU.Build.0 = Debug|Any CPU
		{BD86A813-9DF3-4E32-99EB-79AD3F063C68}.Release|Any CPU.ActiveCfg = Release|Any CPU
		{BD86A813-9DF3-4E32-99EB-79AD3F063C68}.Release|Any CPU.Build.0 = Release|Any CPU
	EndGlobalSection
	GlobalSection(SolutionProperties) = preSolution
		HideSolutionNode = FALSE
	EndGlobalSection
	GlobalSection(ExtensibilityGlobals) = postSolution
		SolutionGuid = {86D69BA1-35F6-4C91-AAC4-52091C840C0B}
	EndGlobalSection
EndGlobal
